
Microsoft Visual Studio Solution File, Format Version 12.00
# Visual Studio Version 17
VisualStudioVersion = 17.5.33530.505
MinimumVisualStudioVersion = 10.0.40219.1
Project("{FAE04EC0-301F-11D3-BF4B-00C04F79EFBC}") = "b2", "b2\b2.csproj", "{145B88AD-8D6E-4A09-8346-3A922E9B19F8}"
EndProject
Global
	GlobalSection(SolutionConfigurationPlatforms) = preSolution
		Debug|Any CPU = Debug|Any CPU
		Release|Any CPU = Release|Any CPU
	EndGlobalSection
	GlobalSection(ProjectConfigurationPlatforms) = postSolution
		{145B88AD-8D6E-4A09-8346-3A922E9B19F8}.Debug|Any CPU.ActiveCfg = Debug|Any CPU
		{145B88AD-8D6E-4A09-8346-3A922E9B19F8}.Debug|Any CPU.Build.0 = Debug|Any CPU
		{145B88AD-8D6E-4A09-8346-3A922E9B19F8}.Release|Any CPU.ActiveCfg = Release|Any CPU
		{145B88AD-8D6E-4A09-8346-3A922E9B19F8}.Release|Any CPU.Build.0 = Release|Any CPU
	EndGlobalSection
	GlobalSection(SolutionProperties) = preSolution
		HideSolutionNode = FALSE
	EndGlobalSection
	GlobalSection(ExtensibilityGlobals) = postSolution
		SolutionGuid = {8759540F-3490-4652-B1D9-A0A57396DF8B}
	EndGlobalSection
EndGlobal
